// !$*UTF8*$!
{
	archiveVersion = 1;
	classes = {
	};
	objectVersion = 50;
	objects = {

/* Begin PBXBuildFile section */
		DC7C400D2886BD26007AE3E5 /* islam_GithubApp.swift in Sources */ = {isa = PBXBuildFile; fileRef = DC7C3FFA2886BD1E007AE3E5 /* islam_GithubApp.swift */; };
		DC7C400E2886BD26007AE3E5 /* islam_GithubApp.swift in Sources */ = {isa = PBXBuildFile; fileRef = DC7C3FFA2886BD1E007AE3E5 /* islam_GithubApp.swift */; };
		DC7C400F2886BD26007AE3E5 /* ContentView.swift in Sources */ = {isa = PBXBuildFile; fileRef = DC7C3FFB2886BD1E007AE3E5 /* ContentView.swift */; };
		DC7C40102886BD26007AE3E5 /* ContentView.swift in Sources */ = {isa = PBXBuildFile; fileRef = DC7C3FFB2886BD1E007AE3E5 /* ContentView.swift */; };
		DC7C40112886BD26007AE3E5 /* Assets.xcassets in Resources */ = {isa = PBXBuildFile; fileRef = DC7C3FFC2886BD26007AE3E5 /* Assets.xcassets */; };
		DC7C40122886BD26007AE3E5 /* Assets.xcassets in Resources */ = {isa = PBXBuildFile; fileRef = DC7C3FFC2886BD26007AE3E5 /* Assets.xcassets */; };
/* End PBXBuildFile section */

/* Begin PBXFileReference section */
		DC7C3FFA2886BD1E007AE3E5 /* islam_GithubApp.swift */ = {isa = PBXFileReference; lastKnownFileType = sourcecode.swift; path = islam_GithubApp.swift; sourceTree = "<group>"; };
		DC7C3FFB2886BD1E007AE3E5 /* ContentView.swift */ = {isa = PBXFileReference; lastKnownFileType = sourcecode.swift; path = ContentView.swift; sourceTree = "<group>"; };
		DC7C3FFC2886BD26007AE3E5 /* Assets.xcassets */ = {isa = PBXFileReference; lastKnownFileType = folder.assetcatalog; path = Assets.xcassets; sourceTree = "<group>"; };
		DC7C40012886BD26007AE3E5 /* islam-Github.app */ = {isa = PBXFileReference; explicitFileType = wrapper.application; includeInIndex = 0; path = "islam-Github.app"; sourceTree = BUILT_PRODUCTS_DIR; };
		DC7C40042886BD26007AE3E5 /* Info.plist */ = {isa = PBXFileReference; lastKnownFileType = text.plist.xml; path = Info.plist; sourceTree = "<group>"; };
		DC7C40092886BD26007AE3E5 /* islam-Github.app */ = {isa = PBXFileReference; explicitFileType = wrapper.application; includeInIndex = 0; path = "islam-Github.app"; sourceTree = BUILT_PRODUCTS_DIR; };
		DC7C400B2886BD26007AE3E5 /* Info.plist */ = {isa = PBXFileReference; lastKnownFileType = text.plist.xml; path = Info.plist; sourceTree = "<group>"; };
		DC7C400C2886BD26007AE3E5 /* macOS.entitlements */ = {isa = PBXFileReference; lastKnownFileType = text.plist.entitlements; path = macOS.entitlements; sourceTree = "<group>"; };
/* End PBXFileReference section */

/* Begin PBXFrameworksBuildPhase section */
		DC7C3FFE2886BD26007AE3E5 /* Frameworks */ = {
			isa = PBXFrameworksBuildPhase;
			buildActionMask = 2147483647;
			files = (
			);
			runOnlyForDeploymentPostprocessing = 0;
		};
		DC7C40062886BD26007AE3E5 /* Frameworks */ = {
			isa = PBXFrameworksBuildPhase;
			buildActionMask = 2147483647;
			files = (
			);
			runOnlyForDeploymentPostprocessing = 0;
		};
/* End PBXFrameworksBuildPhase section */

/* Begin PBXGroup section */
		DC7C3FF42886BD1E007AE3E5 = {
			isa = PBXGroup;
			children = (
				DC7C3FF92886BD1E007AE3E5 /* Shared */,
				DC7C40032886BD26007AE3E5 /* iOS */,
				DC7C400A2886BD26007AE3E5 /* macOS */,
				DC7C40022886BD26007AE3E5 /* Products */,
			);
			sourceTree = "<group>";
		};
		DC7C3FF92886BD1E007AE3E5 /* Shared */ = {
			isa = PBXGroup;
			children = (
				DC7C3FFA2886BD1E007AE3E5 /* islam_GithubApp.swift */,
				DC7C3FFB2886BD1E007AE3E5 /* ContentView.swift */,
				DC7C3FFC2886BD26007AE3E5 /* Assets.xcassets */,
			);
			path = Shared;
			sourceTree = "<group>";
		};
		DC7C40022886BD26007AE3E5 /* Products */ = {
			isa = PBXGroup;
			children = (
				DC7C40012886BD26007AE3E5 /* islam-Github.app */,
				DC7C40092886BD26007AE3E5 /* islam-Github.app */,
			);
			name = Products;
			sourceTree = "<group>";
		};
		DC7C40032886BD26007AE3E5 /* iOS */ = {
			isa = PBXGroup;
			children = (
				DC7C40042886BD26007AE3E5 /* Info.plist */,
			);
			path = iOS;
			sourceTree = "<group>";
		};
		DC7C400A2886BD26007AE3E5 /* macOS */ = {
			isa = PBXGroup;
			children = (
				DC7C400B2886BD26007AE3E5 /* Info.plist */,
				DC7C400C2886BD26007AE3E5 /* macOS.entitlements */,
			);
			path = macOS;
			sourceTree = "<group>";
		};
/* End PBXGroup section */

/* Begin PBXNativeTarget section */
		DC7C40002886BD26007AE3E5 /* islam-Github (iOS) */ = {
			isa = PBXNativeTarget;
			buildConfigurationList = DC7C40152886BD26007AE3E5 /* Build configuration list for PBXNativeTarget "islam-Github (iOS)" */;
			buildPhases = (
				DC7C3FFD2886BD26007AE3E5 /* Sources */,
				DC7C3FFE2886BD26007AE3E5 /* Frameworks */,
				DC7C3FFF2886BD26007AE3E5 /* Resources */,
			);
			buildRules = (
			);
			dependencies = (
			);
			name = "islam-Github (iOS)";
			productName = "islam-Github (iOS)";
			productReference = DC7C40012886BD26007AE3E5 /* islam-Github.app */;
			productType = "com.apple.product-type.application";
		};
		DC7C40082886BD26007AE3E5 /* islam-Github (macOS) */ = {
			isa = PBXNativeTarget;
			buildConfigurationList = DC7C40182886BD26007AE3E5 /* Build configuration list for PBXNativeTarget "islam-Github (macOS)" */;
			buildPhases = (
				DC7C40052886BD26007AE3E5 /* Sources */,
				DC7C40062886BD26007AE3E5 /* Frameworks */,
				DC7C40072886BD26007AE3E5 /* Resources */,
			);
			buildRules = (
			);
			dependencies = (
			);
			name = "islam-Github (macOS)";
			productName = "islam-Github (macOS)";
			productReference = DC7C40092886BD26007AE3E5 /* islam-Github.app */;
			productType = "com.apple.product-type.application";
		};
/* End PBXNativeTarget section */

/* Begin PBXProject section */
		DC7C3FF52886BD1E007AE3E5 /* Project object */ = {
			isa = PBXProject;
			attributes = {
				LastSwiftUpdateCheck = 1240;
				LastUpgradeCheck = 1240;
				TargetAttributes = {
					DC7C40002886BD26007AE3E5 = {
						CreatedOnToolsVersion = 12.4;
					};
					DC7C40082886BD26007AE3E5 = {
						CreatedOnToolsVersion = 12.4;
					};
				};
			};
			buildConfigurationList = DC7C3FF82886BD1E007AE3E5 /* Build configuration list for PBXProject "islam-Github" */;
			compatibilityVersion = "Xcode 9.3";
			developmentRegion = en;
			hasScannedForEncodings = 0;
			knownRegions = (
				en,
				Base,
			);
			mainGroup = DC7C3FF42886BD1E007AE3E5;
			productRefGroup = DC7C40022886BD26007AE3E5 /* Products */;
			projectDirPath = "";
			projectRoot = "";
			targets = (
				DC7C40002886BD26007AE3E5 /* islam-Github (iOS) */,
				DC7C40082886BD26007AE3E5 /* islam-Github (macOS) */,
			);
		};
/* End PBXProject section */

/* Begin PBXResourcesBuildPhase section */
		DC7C3FFF2886BD26007AE3E5 /* Resources */ = {
			isa = PBXResourcesBuildPhase;
			buildActionMask = 2147483647;
			files = (
				DC7C40112886BD26007AE3E5 /* Assets.xcassets in Resources */,
			);
			runOnlyForDeploymentPostprocessing = 0;
		};
		DC7C40072886BD26007AE3E5 /* Resources */ = {
			isa = PBXResourcesBuildPhase;
			buildActionMask = 2147483647;
			files = (
				DC7C40122886BD26007AE3E5 /* Assets.xcassets in Resources */,
			);
			runOnlyForDeploymentPostprocessing = 0;
		};
/* End PBXResourcesBuildPhase section */

/* Begin PBXSourcesBuildPhase section */
		DC7C3FFD2886BD26007AE3E5 /* Sources */ = {
			isa = PBXSourcesBuildPhase;
			buildActionMask = 2147483647;
			files = (
				DC7C400F2886BD26007AE3E5 /* ContentView.swift in Sources */,
				DC7C400D2886BD26007AE3E5 /* islam_GithubApp.swift in Sources */,
			);
			runOnlyForDeploymentPostprocessing = 0;
		};
		DC7C40052886BD26007AE3E5 /* Sources */ = {
			isa = PBXSourcesBuildPhase;
			buildActionMask = 2147483647;
			files = (
				DC7C40102886BD26007AE3E5 /* ContentView.swift in Sources */,
				DC7C400E2886BD26007AE3E5 /* islam_GithubApp.swift in Sources */,
			);
			runOnlyForDeploymentPostprocessing = 0;
		};
/* End PBXSourcesBuildPhase section */

/* Begin XCBuildConfiguration section */
		DC7C40132886BD26007AE3E5 /* Debug */ = {
			isa = XCBuildConfiguration;
			buildSettings = {
				ALWAYS_SEARCH_USER_PATHS = NO;
				CLANG_ANALYZER_NONNULL = YES;
				CLANG_ANALYZER_NUMBER_OBJECT_CONVERSION = YES_AGGRESSIVE;
				CLANG_CXX_LANGUAGE_STANDARD = "gnu++14";
				CLANG_CXX_LIBRARY = "libc++";
				CLANG_ENABLE_MODULES = YES;
				CLANG_ENABLE_OBJC_ARC = YES;
				CLANG_ENABLE_OBJC_WEAK = YES;
				CLANG_WARN_BLOCK_CAPTURE_AUTORELEASING = YES;
				CLANG_WARN_BOOL_CONVERSION = YES;
				CLANG_WARN_COMMA = YES;
				CLANG_WARN_CONSTANT_CONVERSION = YES;
				CLANG_WARN_DEPRECATED_OBJC_IMPLEMENTATIONS = YES;
				CLANG_WARN_DIRECT_OBJC_ISA_USAGE = YES_ERROR;
				CLANG_WARN_DOCUMENTATION_COMMENTS = YES;
				CLANG_WARN_EMPTY_BODY = YES;
				CLANG_WARN_ENUM_CONVERSION = YES;
				CLANG_WARN_INFINITE_RECURSION = YES;
				CLANG_WARN_INT_CONVERSION = YES;
				CLANG_WARN_NON_LITERAL_NULL_CONVERSION = YES;
				CLANG_WARN_OBJC_IMPLICIT_RETAIN_SELF = YES;
				CLANG_WARN_OBJC_LITERAL_CONVERSION = YES;
				CLANG_WARN_OBJC_ROOT_CLASS = YES_ERROR;
				CLANG_WARN_QUOTED_INCLUDE_IN_FRAMEWORK_HEADER = YES;
				CLANG_WARN_RANGE_LOOP_ANALYSIS = YES;
				CLANG_WARN_STRICT_PROTOTYPES = YES;
				CLANG_WARN_SUSPICIOUS_MOVE = YES;
				CLANG_WARN_UNGUARDED_AVAILABILITY = YES_AGGRESSIVE;
				CLANG_WARN_UNREACHABLE_CODE = YES;
				CLANG_WARN__DUPLICATE_METHOD_MATCH = YES;
				COPY_PHASE_STRIP = NO;
				DEBUG_INFORMATION_FORMAT = dwarf;
				ENABLE_STRICT_OBJC_MSGSEND = YES;
				ENABLE_TESTABILITY = YES;
				GCC_C_LANGUAGE_STANDARD = gnu11;
				GCC_DYNAMIC_NO_PIC = NO;
				GCC_NO_COMMON_BLOCKS = YES;
				GCC_OPTIMIZATION_LEVEL = 0;
				GCC_PREPROCESSOR_DEFINITIONS = (
					"DEBUG=1",
					"$(inherited)",
				);
				GCC_WARN_64_TO_32_BIT_CONVERSION = YES;
				GCC_WARN_ABOUT_RETURN_TYPE = YES_ERROR;
				GCC_WARN_UNDECLARED_SELECTOR = YES;
				GCC_WARN_UNINITIALIZED_AUTOS = YES_AGGRESSIVE;
				GCC_WARN_UNUSED_FUNCTION = YES;
				GCC_WARN_UNUSED_VARIABLE = YES;
				MTL_ENABLE_DEBUG_INFO = INCLUDE_SOURCE;
				MTL_FAST_MATH = YES;
				ONLY_ACTIVE_ARCH = YES;
				SWIFT_ACTIVE_COMPILATION_CONDITIONS = DEBUG;
				SWIFT_OPTIMIZATION_LEVEL = "-Onone";
			};
			name = Debug;
		};
		DC7C40142886BD26007AE3E5 /* Release */ = {
			isa = XCBuildConfiguration;
			buildSettings = {
				ALWAYS_SEARCH_USER_PATHS = NO;
				CLANG_ANALYZER_NONNULL = YES;
				CLANG_ANALYZER_NUMBER_OBJECT_CONVERSION = YES_AGGRESSIVE;
				CLANG_CXX_LANGUAGE_STANDARD = "gnu++14";
				CLANG_CXX_LIBRARY = "libc++";
				CLANG_ENABLE_MODULES = YES;
				CLANG_ENABLE_OBJC_ARC = YES;
				CLANG_ENABLE_OBJC_WEAK = YES;
				CLANG_WARN_BLOCK_CAPTURE_AUTORELEASING = YES;
				CLANG_WARN_BOOL_CONVERSION = YES;
				CLANG_WARN_COMMA = YES;
				CLANG_WARN_CONSTANT_CONVERSION = YES;
				CLANG_WARN_DEPRECATED_OBJC_IMPLEMENTATIONS = YES;
				CLANG_WARN_DIRECT_OBJC_ISA_USAGE = YES_ERROR;
				CLANG_WARN_DOCUMENTATION_COMMENTS = YES;
				CLANG_WARN_EMPTY_BODY = YES;
				CLANG_WARN_ENUM_CONVERSION = YES;
				CLANG_WARN_INFINITE_RECURSION = YES;
				CLANG_WARN_INT_CONVERSION = YES;
				CLANG_WARN_NON_LITERAL_NULL_CONVERSION = YES;
				CLANG_WARN_OBJC_IMPLICIT_RETAIN_SELF = YES;
				CLANG_WARN_OBJC_LITERAL_CONVERSION = YES;
				CLANG_WARN_OBJC_ROOT_CLASS = YES_ERROR;
				CLANG_WARN_QUOTED_INCLUDE_IN_FRAMEWORK_HEADER = YES;
				CLANG_WARN_RANGE_LOOP_ANALYSIS = YES;
				CLANG_WARN_STRICT_PROTOTYPES = YES;
				CLANG_WARN_SUSPICIOUS_MOVE = YES;
				CLANG_WARN_UNGUARDED_AVAILABILITY = YES_AGGRESSIVE;
				CLANG_WARN_UNREACHABLE_CODE = YES;
				CLANG_WARN__DUPLICATE_METHOD_MATCH = YES;
				COPY_PHASE_STRIP = NO;
				DEBUG_INFORMATION_FORMAT = "dwarf-with-dsym";
				ENABLE_NS_ASSERTIONS = NO;
				ENABLE_STRICT_OBJC_MSGSEND = YES;
				GCC_C_LANGUAGE_STANDARD = gnu11;
				GCC_NO_COMMON_BLOCKS = YES;
				GCC_WARN_64_TO_32_BIT_CONVERSION = YES;
				GCC_WARN_ABOUT_RETURN_TYPE = YES_ERROR;
				GCC_WARN_UNDECLARED_SELECTOR = YES;
				GCC_WARN_UNINITIALIZED_AUTOS = YES_AGGRESSIVE;
				GCC_WARN_UNUSED_FUNCTION = YES;
				GCC_WARN_UNUSED_VARIABLE = YES;
				MTL_ENABLE_DEBUG_INFO = NO;
				MTL_FAST_MATH = YES;
				SWIFT_COMPILATION_MODE = wholemodule;
				SWIFT_OPTIMIZATION_LEVEL = "-O";
			};
			name = Release;
		};
		DC7C40162886BD26007AE3E5 /* Debug */ = {
			isa = XCBuildConfiguration;
			buildSettings = {
				ASSETCATALOG_COMPILER_APPICON_NAME = AppIcon;
				ASSETCATALOG_COMPILER_GLOBAL_ACCENT_COLOR_NAME = AccentColor;
				CODE_SIGN_STYLE = Automatic;
				DEVELOPMENT_TEAM = 8ZLCNTLX2Q;
				ENABLE_PREVIEWS = YES;
				INFOPLIST_FILE = iOS/Info.plist;
				IPHONEOS_DEPLOYMENT_TARGET = 14.0;
				LD_RUNPATH_SEARCH_PATHS = (
					"$(inherited)",
					"@executable_path/Frameworks",
				);
				PRODUCT_BUNDLE_IDENTIFIER = "secondsest-gmail.com.islam-Github";
				PRODUCT_NAME = "islam-Github";
				SDKROOT = iphoneos;
				SWIFT_VERSION = 5.0;
				TARGETED_DEVICE_FAMILY = "1,2";
			};
			name = Debug;
		};
		DC7C40172886BD26007AE3E5 /* Release */ = {
			isa = XCBuildConfiguration;
			buildSettings = {
				ASSETCATALOG_COMPILER_APPICON_NAME = AppIcon;
				ASSETCATALOG_COMPILER_GLOBAL_ACCENT_COLOR_NAME = AccentColor;
				CODE_SIGN_STYLE = Automatic;
				DEVELOPMENT_TEAM = 8ZLCNTLX2Q;
				ENABLE_PREVIEWS = YES;
				INFOPLIST_FILE = iOS/Info.plist;
				IPHONEOS_DEPLOYMENT_TARGET = 14.0;
				LD_RUNPATH_SEARCH_PATHS = (
					"$(inherited)",
					"@executable_path/Frameworks",
				);
				PRODUCT_BUNDLE_IDENTIFIER = "secondsest-gmail.com.islam-Github";
				PRODUCT_NAME = "islam-Github";
				SDKROOT = iphoneos;
				SWIFT_VERSION = 5.0;
				TARGETED_DEVICE_FAMILY = "1,2";
				VALIDATE_PRODUCT = YES;
			};
			name = Release;
		};
		DC7C40192886BD26007AE3E5 /* Debug */ = {
			isa = XCBuildConfiguration;
			buildSettings = {
				ASSETCATALOG_COMPILER_APPICON_NAME = AppIcon;
				ASSETCATALOG_COMPILER_GLOBAL_ACCENT_COLOR_NAME = AccentColor;
				CODE_SIGN_ENTITLEMENTS = macOS/macOS.entitlements;
				CODE_SIGN_STYLE = Automatic;
				COMBINE_HIDPI_IMAGES = YES;
				DEVELOPMENT_TEAM = 8ZLCNTLX2Q;
				ENABLE_HARDENED_RUNTIME = YES;
				ENABLE_PREVIEWS = YES;
				INFOPLIST_FILE = macOS/Info.plist;
				LD_RUNPATH_SEARCH_PATHS = (
					"$(inherited)",
					"@executable_path/../Frameworks",
				);
				MACOSX_DEPLOYMENT_TARGET = 11.0;
				PRODUCT_BUNDLE_IDENTIFIER = "secondsest-gmail.com.islam-Github";
				PRODUCT_NAME = "islam-Github";
				SDKROOT = macosx;
				SWIFT_VERSION = 5.0;
			};
			name = Debug;
		};
		DC7C401A2886BD26007AE3E5 /* Release */ = {
			isa = XCBuildConfiguration;
			buildSettings = {
				ASSETCATALOG_COMPILER_APPICON_NAME = AppIcon;
				ASSETCATALOG_COMPILER_GLOBAL_ACCENT_COLOR_NAME = AccentColor;
				CODE_SIGN_ENTITLEMENTS = macOS/macOS.entitlements;
				CODE_SIGN_STYLE = Automatic;
				COMBINE_HIDPI_IMAGES = YES;
				DEVELOPMENT_TEAM = 8ZLCNTLX2Q;
				ENABLE_HARDENED_RUNTIME = YES;
				ENABLE_PREVIEWS = YES;
				INFOPLIST_FILE = macOS/Info.plist;
				LD_RUNPATH_SEARCH_PATHS = (
					"$(inherited)",
					"@executable_path/../Frameworks",
				);
				MACOSX_DEPLOYMENT_TARGET = 11.0;
				PRODUCT_BUNDLE_IDENTIFIER = "secondsest-gmail.com.islam-Github";
				PRODUCT_NAME = "islam-Github";
				SDKROOT = macosx;
				SWIFT_VERSION = 5.0;
			};
			name = Release;
		};
/* End XCBuildConfiguration section */

/* Begin XCConfigurationList section */
		DC7C3FF82886BD1E007AE3E5 /* Build configuration list for PBXProject "islam-Github" */ = {
			isa = XCConfigurationList;
			buildConfigurations = (
				DC7C40132886BD26007AE3E5 /* Debug */,
				DC7C40142886BD26007AE3E5 /* Release */,
			);
			defaultConfigurationIsVisible = 0;
			defaultConfigurationName = Release;
		};
		DC7C40152886BD26007AE3E5 /* Build configuration list for PBXNativeTarget "islam-Github (iOS)" */ = {
			isa = XCConfigurationList;
			buildConfigurations = (
				DC7C40162886BD26007AE3E5 /* Debug */,
				DC7C40172886BD26007AE3E5 /* Release */,
			);
			defaultConfigurationIsVisible = 0;
			defaultConfigurationName = Release;
		};
		DC7C40182886BD26007AE3E5 /* Build configuration list for PBXNativeTarget "islam-Github (macOS)" */ = {
			isa = XCConfigurationList;
			buildConfigurations = (
				DC7C40192886BD26007AE3E5 /* Debug */,
				DC7C401A2886BD26007AE3E5 /* Release */,
			);
			defaultConfigurationIsVisible = 0;
			defaultConfigurationName = Release;
		};
/* End XCConfigurationList section */
	};
	rootObject = DC7C3FF52886BD1E007AE3E5 /* Project object */;
}
